---
lockfileVersion: 1
lockfileVendor: redhat
arches:
- arch: aarch64
  packages:
  - url: https://cdn-ubi.redhat.com/content/public/ubi/dist/ubi9/9/aarch64/appstream/os/Packages/g/git-2.52.0-1.el9.aarch64.rpm
    repoid: ubi-9-for-aarch64-appstream-rpms
    size: 46043
    checksum: sha256:f4d886f18118389689f2c1f5a4940ae5a2f3c9e280197cc96b612f341e07986a
    name: git
    evr: 2.52.0-1.el9
    sourcerpm: git-2.52.0-1.el9.src.rpm
  - url: https://cdn-ubi.redhat.com/content/public/ubi/dist/ubi9/9/aarch64/appstream/os/Packages/g/git-core-2.52.0-1.el9.aarch64.rpm
    repoid: ubi-9-for-aarch64-appstream-rpms
    size: 5392428
    checksum: sha256:7082917982981bf611c089e7d9d53b63e969af61a37cfd65b5c4081d5b260a1c
    name: git-core
    evr: 2.52.0-1.el9
    sourcerpm: git-2.52.0-1.el9.src.rpm
  - url: https://cdn-ubi.redhat.com/content/public/ubi/dist/ubi9/9/aarch64/appstream/os/Packages/g/git-core-doc-2.52.0-1.el9.noarch.rpm
    repoid: ubi-9-for-aarch64-appstream-rpms
    size: 3300095
    checksum: sha256:cf375cd9a48d244df37bb0c9ff58aa3c6f3d21d7446cc0cf902c9659fecf8343
    name: git-core-doc
    evr: 2.52.0-1.el9
    sourcerpm: git-2.52.0-1.el9.src.rpm
  - url: https://cdn-ubi.redhat.com/content/public/ubi/dist/ubi9/9/aarch64/appstream/os/Packages/p/perl-DynaLoader-1.47-481.1.el9_6.aarch64.rpm
    repoid: ubi-9-for-aarch64-appstream-rpms
    size: 25913
    checksum: sha256:cddb0b2e16a10b80b6b3ffd6409b210aeba404acc589a958f280cac24d12403f
    name: perl-DynaLoader
    evr: 1.47-481.1.el9_6
    sourcerpm: perl-5.32.1-481.1.el9_6.src.rpm
  - url: https://cdn-ubi.redhat.com/content/public/ubi/dist/ubi9/9/aarch64/appstream/os/Packages/p/perl-Error-0.17029-7.el9.noarch.rpm
    repoid: ubi-9-for-aarch64-appstream-rpms
    size: 47552
    checksum: sha256:17cecf9160050d4709f4817eceba32c637e10d8bc87487a754e8f1764b1e8b6a
    name: perl-Error
    evr: 1:0.17029-7.el9
    sourcerpm: perl-Error-0.17029-7.el9.src.rpm
  - url: https://cdn-ubi.redhat.com/content/public/ubi/dist/ubi9/9/aarch64/appstream/os/Packages/p/perl-Git-2.52.0-1.el9.noarch.rpm
    repoid: ubi-9-for-aarch64-appstream-rpms
    size: 44211
    checksum: sha256:3c57cee7cf3de7a79bef821448b01f48473d2fb9367509f57912a2f1ae7c3009
    name: perl-Git
    evr: 2.52.0-1.el9
    sourcerpm: git-2.52.0-1.el9.src.rpm
  - url: https://cdn-ubi.redhat.com/content/public/ubi/dist/ubi9/9/aarch64/appstream/os/Packages/p/perl-TermReadKey-2.38-11.el9.aarch64.rpm
    repoid: ubi-9-for-aarch64-appstream-rpms
    size: 40577
    checksum: sha256:bfe0d10d4c1028a7929ca213bfd3871f059ea0daeec4c48f3e85d54d77a5a2fc
    name: perl-TermReadKey
    evr: 2.38-11.el9
    sourcerpm: perl-TermReadKey-2.38-11.el9.src.rpm
  - url: https://cdn-ubi.redhat.com/content/public/ubi/dist/ubi9/9/aarch64/appstream/os/Packages/p/perl-lib-0.65-481.1.el9_6.aarch64.rpm
    repoid: ubi-9-for-aarch64-appstream-rpms
    size: 14815
    checksum: sha256:ac5fca3480c9429a1c86b7a781a0713776a75719b9337297f602cfb9cd2eeb12
    name: perl-lib
    evr: 0.65-481.1.el9_6
    sourcerpm: perl-5.32.1-481.1.el9_6.src.rpm
  - url: https://cdn-ubi.redhat.com/content/public/ubi/dist/ubi9/9/aarch64/baseos/os/Packages/l/libcbor-0.7.0-5.el9.aarch64.rpm
    repoid: ubi-9-for-aarch64-baseos-rpms
    size: 59368
    checksum: sha256:93a2f44044ab11225b1123bc9df4f4d09c0a5f3251818e7d144ca64fd12c0957
    name: libcbor
    evr: 0.7.0-5.el9
    sourcerpm: libcbor-0.7.0-5.el9.src.rpm
  - url: https://cdn-ubi.redhat.com/content/public/ubi/dist/ubi9/9/aarch64/baseos/os/Packages/l/libedit-3.1-39.20210216cvs.el9.aarch64.rpm
    repoid: ubi-9-for-aarch64-baseos-rpms
    size: 110092
    checksum: sha256:93964f8c06574404f4a5b44781b698f556fbc22f7ae3c82d4d540619772f6816
    name: libedit
    evr: 3.1-39.20210216cvs.el9
    sourcerpm: libedit-3.1-39.20210216cvs.el9.src.rpm
  - url: https://cdn-ubi.redhat.com/content/public/ubi/dist/ubi9/9/aarch64/baseos/os/Packages/l/libfido2-1.13.0-2.el9.aarch64.rpm
    repoid: ubi-9-for-aarch64-baseos-rpms
    size: 100573
    checksum: sha256:e56e963635b92f407471c7c5698d602135b135bda4515ecc75ac52dd1d38c7e4
    name: libfido2
    evr: 1.13.0-2.el9
    sourcerpm: libfido2-1.13.0-2.el9.src.rpm
  - url: https://cdn-ubi.redhat.com/content/public/ubi/dist/ubi9/9/aarch64/baseos/os/Packages/o/openssh-9.9p1-9.el9_8.aarch64.rpm
    repoid: ubi-9-for-aarch64-baseos-rpms
    size: 431997
    checksum: sha256:57fdab98de5639f0f1a4714700eeeae737876a9609ee2c8449bffb489c3c6d96
    name: openssh
    evr: 9.9p1-9.el9_8
    sourcerpm: openssh-9.9p1-9.el9_8.src.rpm
  - url: https://cdn-ubi.redhat.com/content/public/ubi/dist/ubi9/9/aarch64/baseos/os/Packages/o/openssh-clients-9.9p1-9.el9_8.aarch64.rpm
    repoid: ubi-9-for-aarch64-baseos-rpms
    size: 769478
    checksum: sha256:2f1657ebe0b8b96d9ecdfeb709426733d57aa7ec565eb805532d0b1bc9adcb20
    name: openssh-clients
    evr: 9.9p1-9.el9_8
    sourcerpm: openssh-9.9p1-9.el9_8.src.rpm
  source: []
  module_metadata: []
- arch: ppc64le
  packages:
  - url: https://cdn-ubi.redhat.com/content/public/ubi/dist/ubi9/9/ppc64le/appstream/os/Packages/g/git-2.52.0-1.el9.ppc64le.rpm
    repoid: ubi-9-for-ppc64le-appstream-rpms
    size: 46062
    checksum: sha256:2cdea78aef60b9786fe2cd5aa5ee556f5ef4fcd310ea155ecbec7623cd413743
    name: git
    evr: 2.52.0-1.el9
    sourcerpm: git-2.52.0-1.el9.src.rpm
  - url: https://cdn-ubi.redhat.com/content/public/ubi/dist/ubi9/9/ppc64le/appstream/os/Packages/g/git-core-2.52.0-1.el9.ppc64le.rpm
    repoid: ubi-9-for-ppc64le-appstream-rpms
    size: 5770569
    checksum: sha256:e668b76924c62f495eeac80e47fd1157ca30eac03515b1db59b7978e4fbd4029
    name: git-core
    evr: 2.52.0-1.el9
    sourcerpm: git-2.52.0-1.el9.src.rpm
  - url: https://cdn-ubi.redhat.com/content/public/ubi/dist/ubi9/9/ppc64le/appstream/os/Packages/g/git-core-doc-2.52.0-1.el9.noarch.rpm
    repoid: ubi-9-for-ppc64le-appstream-rpms
    size: 3300095
    checksum: sha256:cf375cd9a48d244df37bb0c9ff58aa3c6f3d21d7446cc0cf902c9659fecf8343
    name: git-core-doc
    evr: 2.52.0-1.el9
    sourcerpm: git-2.52.0-1.el9.src.rpm
  - url: https://cdn-ubi.redhat.com/content/public/ubi/dist/ubi9/9/ppc64le/appstream/os/Packages/p/perl-DynaLoader-1.47-481.1.el9_6.ppc64le.rpm
    repoid: ubi-9-for-ppc64le-appstream-rpms
    size: 25936
    checksum: sha256:d40baa9bec3e963e77a9a65c1ed7c42ece796c367422b3f7c250ea204b3b707a
    name: perl-DynaLoader
    evr: 1.47-481.1.el9_6
    sourcerpm: perl-5.32.1-481.1.el9_6.src.rpm
  - url: https://cdn-ubi.redhat.com/content/public/ubi/dist/ubi9/9/ppc64le/appstream/os/Packages/p/perl-Error-0.17029-7.el9.noarch.rpm
    repoid: ubi-9-for-ppc64le-appstream-rpms
    size: 47552
    checksum: sha256:17cecf9160050d4709f4817eceba32c637e10d8bc87487a754e8f1764b1e8b6a
    name: perl-Error
    evr: 1:0.17029-7.el9
    sourcerpm: perl-Error-0.17029-7.el9.src.rpm
  - url: https://cdn-ubi.redhat.com/content/public/ubi/dist/ubi9/9/ppc64le/appstream/os/Packages/p/perl-Git-2.52.0-1.el9.noarch.rpm
    repoid: ubi-9-for-ppc64le-appstream-rpms
    size: 44211
    checksum: sha256:3c57cee7cf3de7a79bef821448b01f48473d2fb9367509f57912a2f1ae7c3009
    name: perl-Git
    evr: 2.52.0-1.el9
    sourcerpm: git-2.52.0-1.el9.src.rpm
  - url: https://cdn-ubi.redhat.com/content/public/ubi/dist/ubi9/9/ppc64le/appstream/os/Packages/p/perl-TermReadKey-2.38-11.el9.ppc64le.rpm
    repoid: ubi-9-for-ppc64le-appstream-rpms
    size: 41994
    checksum: sha256:c94ebcc34f23bd1caef2e64456c47a9a5bc21de163719fa6bdefaeceeec5f435
    name: perl-TermReadKey
    evr: 2.38-11.el9
    sourcerpm: perl-TermReadKey-2.38-11.el9.src.rpm
  - url: https://cdn-ubi.redhat.com/content/public/ubi/dist/ubi9/9/ppc64le/appstream/os/Packages/p/perl-lib-0.65-481.1.el9_6.ppc64le.rpm
    repoid: ubi-9-for-ppc64le-appstream-rpms
    size: 14826
    checksum: sha256:69c593e1972d39ab4e30e00672777165f6d5860daa8111faf781ed6d135be96c
    name: perl-lib
    evr: 0.65-481.1.el9_6
    sourcerpm: perl-5.32.1-481.1.el9_6.src.rpm
  - url: https://cdn-ubi.redhat.com/content/public/ubi/dist/ubi9/9/ppc64le/baseos/os/Packages/l/libcbor-0.7.0-5.el9.ppc64le.rpm
    repoid: ubi-9-for-ppc64le-baseos-rpms
    size: 62130
    checksum: sha256:c18f6560c02f3692d8fea54dc89548d4fd183cb7f73ef3ef7e0cf2f7d1815a47
    name: libcbor
    evr: 0.7.0-5.el9
    sourcerpm: libcbor-0.7.0-5.el9.src.rpm
  - url: https://cdn-ubi.redhat.com/content/public/ubi/dist/ubi9/9/ppc64le/baseos/os/Packages/l/libedit-3.1-39.20210216cvs.el9.ppc64le.rpm
    repoid: ubi-9-for-ppc64le-baseos-rpms
    size: 124348
    checksum: sha256:e795653f878ccddee672ed2b8807c8ae32d6d05f96380428aa88c04ebef8572a
    name: libedit
    evr: 3.1-39.20210216cvs.el9
    sourcerpm: libedit-3.1-39.20210216cvs.el9.src.rpm
  - url: https://cdn-ubi.redhat.com/content/public/ubi/dist/ubi9/9/ppc64le/baseos/os/Packages/l/libfido2-1.13.0-2.el9.ppc64le.rpm
    repoid: ubi-9-for-ppc64le-baseos-rpms
    size: 112104
    checksum: sha256:9899776f2483012e06cad4d7a298b59b2a0ddf1d3226012db7559f00178c81d2
    name: libfido2
    evr: 1.13.0-2.el9
    sourcerpm: libfido2-1.13.0-2.el9.src.rpm
  - url: https://cdn-ubi.redhat.com/content/public/ubi/dist/ubi9/9/ppc64le/baseos/os/Packages/o/openssh-9.9p1-7.el9_8.ppc64le.rpm
    repoid: ubi-9-for-ppc64le-baseos-rpms
    size: 459344
    checksum: sha256:b9cc1feca459e05b0b195fa751f9f8d2001961d228490b0a111225a53f4c46b0
    name: openssh
    evr: 9.9p1-7.el9_8
    sourcerpm: openssh-9.9p1-7.el9_8.src.rpm
  - url: https://cdn-ubi.redhat.com/content/public/ubi/dist/ubi9/9/ppc64le/baseos/os/Packages/o/openssh-clients-9.9p1-7.el9_8.ppc64le.rpm
    repoid: ubi-9-for-ppc64le-baseos-rpms
    size: 836414
    checksum: sha256:7dac2419a7e69b88195151a65523740d7d144486646c0fbe6d82461734a8130e
    name: openssh-clients
    evr: 9.9p1-7.el9_8
    sourcerpm: openssh-9.9p1-7.el9_8.src.rpm
  source: []
  module_metadata: []
- arch: s390x
  packages:
  - url: https://cdn-ubi.redhat.com/content/public/ubi/dist/ubi9/9/s390x/appstream/os/Packages/g/git-2.52.0-1.el9.s390x.rpm
    repoid: ubi-9-for-s390x-appstream-rpms
    size: 46055
    checksum: sha256:572de9cf7ef00a62c6ce24f90dc9c01d0cb1aa7ae9a059504bd6d89c10769824
    name: git
    evr: 2.52.0-1.el9
    sourcerpm: git-2.52.0-1.el9.src.rpm
  - url: https://cdn-ubi.redhat.com/content/public/ubi/dist/ubi9/9/s390x/appstream/os/Packages/g/git-core-2.52.0-1.el9.s390x.rpm
    repoid: ubi-9-for-s390x-appstream-rpms
    size: 5146305
    checksum: sha256:597cbf37ecfcf13761cb5d19f216d3444fe31817023fc5bf2367fdf7ab168268
    name: git-core
    evr: 2.52.0-1.el9
    sourcerpm: git-2.52.0-1.el9.src.rpm
  - url: https://cdn-ubi.redhat.com/content/public/ubi/dist/ubi9/9/s390x/appstream/os/Packages/g/git-core-doc-2.52.0-1.el9.noarch.rpm
    repoid: ubi-9-for-s390x-appstream-rpms
    size: 3300095
    checksum: sha256:cf375cd9a48d244df37bb0c9ff58aa3c6f3d21d7446cc0cf902c9659fecf8343
    name: git-core-doc
    evr: 2.52.0-1.el9
    sourcerpm: git-2.52.0-1.el9.src.rpm
  - url: https://cdn-ubi.redhat.com/content/public/ubi/dist/ubi9/9/s390x/appstream/os/Packages/p/perl-DynaLoader-1.47-481.1.el9_6.s390x.rpm
    repoid: ubi-9-for-s390x-appstream-rpms
    size: 25923
    checksum: sha256:17266b2caf6162bfaa3f8fc73b11e47c61dd7c693e8de4dc28d6272c12e4e683
    name: perl-DynaLoader
    evr: 1.47-481.1.el9_6
    sourcerpm: perl-5.32.1-481.1.el9_6.src.rpm
  - url: https://cdn-ubi.redhat.com/content/public/ubi/dist/ubi9/9/s390x/appstream/os/Packages/p/perl-Error-0.17029-7.el9.noarch.rpm
    repoid: ubi-9-for-s390x-appstream-rpms
    size: 47552
    checksum: sha256:17cecf9160050d4709f4817eceba32c637e10d8bc87487a754e8f1764b1e8b6a
    name: perl-Error
    evr: 1:0.17029-7.el9
    sourcerpm: perl-Error-0.17029-7.el9.src.rpm
  - url: https://cdn-ubi.redhat.com/content/public/ubi/dist/ubi9/9/s390x/appstream/os/Packages/p/perl-Git-2.52.0-1.el9.noarch.rpm
    repoid: ubi-9-for-s390x-appstream-rpms
    size: 44211
    checksum: sha256:3c57cee7cf3de7a79bef821448b01f48473d2fb9367509f57912a2f1ae7c3009
    name: perl-Git
    evr: 2.52.0-1.el9
    sourcerpm: git-2.52.0-1.el9.src.rpm
  - url: https://cdn-ubi.redhat.com/content/public/ubi/dist/ubi9/9/s390x/appstream/os/Packages/p/perl-TermReadKey-2.38-11.el9.s390x.rpm
    repoid: ubi-9-for-s390x-appstream-rpms
    size: 40133
    checksum: sha256:4a052241c855f5cb09d3661f3bf794df2a6170c3ce7f1f89ed64d868a5687599
    name: perl-TermReadKey
    evr: 2.38-11.el9
    sourcerpm: perl-TermReadKey-2.38-11.el9.src.rpm
  - url: https://cdn-ubi.redhat.com/content/public/ubi/dist/ubi9/9/s390x/appstream/os/Packages/p/perl-lib-0.65-481.1.el9_6.s390x.rpm
    repoid: ubi-9-for-s390x-appstream-rpms
    size: 14823
    checksum: sha256:c013123fbff6efcf263d330ffb1f07c5e8a0413f1137379a52852234bdb1529b
    name: perl-lib
    evr: 0.65-481.1.el9_6
    sourcerpm: perl-5.32.1-481.1.el9_6.src.rpm
  - url: https://cdn-ubi.redhat.com/content/public/ubi/dist/ubi9/9/s390x/baseos/os/Packages/l/libcbor-0.7.0-5.el9.s390x.rpm
    repoid: ubi-9-for-s390x-baseos-rpms
    size: 59841
    checksum: sha256:585939d5b06976e1d053d3d7e5751fe4bc98759c03deb13f85ea5b21150acfd6
    name: libcbor
    evr: 0.7.0-5.el9
    sourcerpm: libcbor-0.7.0-5.el9.src.rpm
  - url: https://cdn-ubi.redhat.com/content/public/ubi/dist/ubi9/9/s390x/baseos/os/Packages/l/libedit-3.1-39.20210216cvs.el9.s390x.rpm
    repoid: ubi-9-for-s390x-baseos-rpms
    size: 110253
    checksum: sha256:a634b73047b69e0fab3c591ae2c75e5cc3e9a52a3c7dea14c6a67381c0d617aa
    name: libedit
    evr: 3.1-39.20210216cvs.el9
    sourcerpm: libedit-3.1-39.20210216cvs.el9.src.rpm
  - url: https://cdn-ubi.redhat.com/content/public/ubi/dist/ubi9/9/s390x/baseos/os/Packages/l/libfido2-1.13.0-2.el9.s390x.rpm
    repoid: ubi-9-for-s390x-baseos-rpms
    size: 95761
    checksum: sha256:7c84d840d3698b9632d7922a86746a9b9620f9d8c094d54c753a2ef660ef3291
    name: libfido2
    evr: 1.13.0-2.el9
    sourcerpm: libfido2-1.13.0-2.el9.src.rpm
  - url: https://cdn-ubi.redhat.com/content/public/ubi/dist/ubi9/9/s390x/baseos/os/Packages/o/openssh-9.9p1-9.el9_8.s390x.rpm
    repoid: ubi-9-for-s390x-baseos-rpms
    size: 428188
    checksum: sha256:3e6abaf2413e00e23055f360f17f315a842ffc25908341531e8cfb094c641ab3
    name: openssh
    evr: 9.9p1-9.el9_8
    sourcerpm: openssh-9.9p1-9.el9_8.src.rpm
  - url: https://cdn-ubi.redhat.com/content/public/ubi/dist/ubi9/9/s390x/baseos/os/Packages/o/openssh-clients-9.9p1-9.el9_8.s390x.rpm
    repoid: ubi-9-for-s390x-baseos-rpms
    size: 748105
    checksum: sha256:6e9a84fe1b5e71ed702ba398df7a2a256f7ee8d2335f6a4369aa21901c7f7492
    name: openssh-clients
    evr: 9.9p1-9.el9_8
    sourcerpm: openssh-9.9p1-9.el9_8.src.rpm
  source: []
  module_metadata: []
- arch: x86_64
  packages:
  - url: https://cdn-ubi.redhat.com/content/public/ubi/dist/ubi9/9/x86_64/appstream/os/Packages/g/git-2.52.0-1.el9.x86_64.rpm
    repoid: ubi-9-for-x86_64-appstream-rpms
    size: 46071
    checksum: sha256:be1c2f855001bf01cb5c5b0ff59d8943ddc4c4eedbbbddd68474d2aa6e11395c
    name: git
    evr: 2.52.0-1.el9
    sourcerpm: git-2.52.0-1.el9.src.rpm
  - url: https://cdn-ubi.redhat.com/content/public/ubi/dist/ubi9/9/x86_64/appstream/os/Packages/g/git-core-2.52.0-1.el9.x86_64.rpm
    repoid: ubi-9-for-x86_64-appstream-rpms
    size: 5293286
    checksum: sha256:6264aa556d583604f34def3674f5830a70cfee0aac283719e4df295db38acb53
    name: git-core
    evr: 2.52.0-1.el9
    sourcerpm: git-2.52.0-1.el9.src.rpm
  - url: https://cdn-ubi.redhat.com/content/public/ubi/dist/ubi9/9/x86_64/appstream/os/Packages/g/git-core-doc-2.52.0-1.el9.noarch.rpm
    repoid: ubi-9-for-x86_64-appstream-rpms
    size: 3300095
    checksum: sha256:cf375cd9a48d244df37bb0c9ff58aa3c6f3d21d7446cc0cf902c9659fecf8343
    name: git-core-doc
    evr: 2.52.0-1.el9
    sourcerpm: git-2.52.0-1.el9.src.rpm
  - url: https://cdn-ubi.redhat.com/content/public/ubi/dist/ubi9/9/x86_64/appstream/os/Packages/p/perl-DynaLoader-1.47-481.1.el9_6.x86_64.rpm
    repoid: ubi-9-for-x86_64-appstream-rpms
    size: 25958
    checksum: sha256:937d31c9fc324bfa7434e8455cf1828afd46e4502f661566a7286853d8d46bf1
    name: perl-DynaLoader
    evr: 1.47-481.1.el9_6
    sourcerpm: perl-5.32.1-481.1.el9_6.src.rpm
  - url: https://cdn-ubi.redhat.com/content/public/ubi/dist/ubi9/9/x86_64/appstream/os/Packages/p/perl-Error-0.17029-7.el9.noarch.rpm
    repoid: ubi-9-for-x86_64-appstream-rpms
    size: 47552
    checksum: sha256:17cecf9160050d4709f4817eceba32c637e10d8bc87487a754e8f1764b1e8b6a
    name: perl-Error
    evr: 1:0.17029-7.el9
    sourcerpm: perl-Error-0.17029-7.el9.src.rpm
  - url: https://cdn-ubi.redhat.com/content/public/ubi/dist/ubi9/9/x86_64/appstream/os/Packages/p/perl-Git-2.52.0-1.el9.noarch.rpm
    repoid: ubi-9-for-x86_64-appstream-rpms
    size: 44211
    checksum: sha256:3c57cee7cf3de7a79bef821448b01f48473d2fb9367509f57912a2f1ae7c3009
    name: perl-Git
    evr: 2.52.0-1.el9
    sourcerpm: git-2.52.0-1.el9.src.rpm
  - url: https://cdn-ubi.redhat.com/content/public/ubi/dist/ubi9/9/x86_64/appstream/os/Packages/p/perl-TermReadKey-2.38-11.el9.x86_64.rpm
    repoid: ubi-9-for-x86_64-appstream-rpms
    size: 41023
    checksum: sha256:5ff266e740a93344e1ce2913f4bec0f38cfdf721841e6762d85ac21d716ee9f8
    name: perl-TermReadKey
    evr: 2.38-11.el9
    sourcerpm: perl-TermReadKey-2.38-11.el9.src.rpm
  - url: https://cdn-ubi.redhat.com/content/public/ubi/dist/ubi9/9/x86_64/appstream/os/Packages/p/perl-lib-0.65-481.1.el9_6.x86_64.rpm
    repoid: ubi-9-for-x86_64-appstream-rpms
    size: 14847
    checksum: sha256:badc59793f32fa6e98fd705101af0b879720db5e0811b46755640d3d64165715
    name: perl-lib
    evr: 0.65-481.1.el9_6
    sourcerpm: perl-5.32.1-481.1.el9_6.src.rpm
  - url: https://cdn-ubi.redhat.com/content/public/ubi/dist/ubi9/9/x86_64/baseos/os/Packages/l/libcbor-0.7.0-5.el9.x86_64.rpm
    repoid: ubi-9-for-x86_64-baseos-rpms
    size: 60575
    checksum: sha256:588e8736af3376abfb3cdf372c10baef02c40d916a55958f3bee9767f9ad8526
    name: libcbor
    evr: 0.7.0-5.el9
    sourcerpm: libcbor-0.7.0-5.el9.src.rpm
  - url: https://cdn-ubi.redhat.com/content/public/ubi/dist/ubi9/9/x86_64/baseos/os/Packages/l/libedit-3.1-39.20210216cvs.el9.x86_64.rpm
    repoid: ubi-9-for-x86_64-baseos-rpms
    size: 112056
    checksum: sha256:65a730688dfea27934b75af3acf30150c6d254c89d8b68b63233ae7f8b6c9b94
    name: libedit
    evr: 3.1-39.20210216cvs.el9
    sourcerpm: libedit-3.1-39.20210216cvs.el9.src.rpm
  - url: https://cdn-ubi.redhat.com/content/public/ubi/dist/ubi9/9/x86_64/baseos/os/Packages/l/libfido2-1.13.0-2.el9.x86_64.rpm
    repoid: ubi-9-for-x86_64-baseos-rpms
    size: 102746
    checksum: sha256:6da940c0528f3e4453db84cb85b402c8f4293a197b1921158df9651edb4845e0
    name: libfido2
    evr: 1.13.0-2.el9
    sourcerpm: libfido2-1.13.0-2.el9.src.rpm
  - url: https://cdn-ubi.redhat.com/content/public/ubi/dist/ubi9/9/x86_64/baseos/os/Packages/o/openssh-9.9p1-9.el9_8.x86_64.rpm
    repoid: ubi-9-for-x86_64-baseos-rpms
    size: 442241
    checksum: sha256:cd14a09ebe95a8d09a779838bf71f8e05f809cbd1d7ef4553294284d35249a60
    name: openssh
    evr: 9.9p1-9.el9_8
    sourcerpm: openssh-9.9p1-9.el9_8.src.rpm
  - url: https://cdn-ubi.redhat.com/content/public/ubi/dist/ubi9/9/x86_64/baseos/os/Packages/o/openssh-clients-9.9p1-9.el9_8.x86_64.rpm
    repoid: ubi-9-for-x86_64-baseos-rpms
    size: 799148
    checksum: sha256:2e10d31aa0d2c2aaf521b4b1b46cd76b734a781a9ffaf496f8d39c53f4897705
    name: openssh-clients
    evr: 9.9p1-9.el9_8
    sourcerpm: openssh-9.9p1-9.el9_8.src.rpm
  source: []
  module_metadata: []
